// !$*UTF8*$!
{
	archiveVersion = 1;
	classes = {
	};
	objectVersion = 46;
	objects = {

/* Begin PBXBuildFile section */
		BF4819BA1C232698006BE9AF /* apilinks.plist in Resources */ = {isa = PBXBuildFile; fileRef = BF4819B91C232698006BE9AF /* apilinks.plist */; };
		BF4819BD1C232BAF006BE9AF /* AlbumsViewController.swift in Sources */ = {isa = PBXBuildFile; fileRef = BF4819BC1C232BAF006BE9AF /* AlbumsViewController.swift */; };
		BFB209161C230AF9002D54BD /* AppDelegate.swift in Sources */ = {isa = PBXBuildFile; fileRef = BFB209151C230AF9002D54BD /* AppDelegate.swift */; };
		BFB2091B1C230AF9002D54BD /* Main.storyboard in Resources */ = {isa = PBXBuildFile; fileRef = BFB209191C230AF9002D54BD /* Main.storyboard */; };
		BFB2091D1C230AF9002D54BD /* Assets.xcassets in Resources */ = {isa = PBXBuildFile; fileRef = BFB2091C1C230AF9002D54BD /* Assets.xcassets */; };
		BFB209201C230AF9002D54BD /* LaunchScreen.storyboard in Resources */ = {isa = PBXBuildFile; fileRef = BFB2091E1C230AF9002D54BD /* LaunchScreen.storyboard */; };
		BFB2092C1C231635002D54BD /* AlbumService.swift in Sources */ = {isa = PBXBuildFile; fileRef = BFB2092B1C231635002D54BD /* AlbumService.swift */; };
		BFB2092E1C231882002D54BD /* Album.swift in Sources */ = {isa = PBXBuildFile; fileRef = BFB2092D1C231882002D54BD /* Album.swift */; };
		BFB209301C2319FD002D54BD /* Song.swift in Sources */ = {isa = PBXBuildFile; fileRef = BFB2092F1C2319FD002D54BD /* Song.swift */; };
		BFB209321C231A24002D54BD /* Upvote.swift in Sources */ = {isa = PBXBuildFile; fileRef = BFB209311C231A24002D54BD /* Upvote.swift */; };
		BFB209341C231A2C002D54BD /* Comment.swift in Sources */ = {isa = PBXBuildFile; fileRef = BFB209331C231A2C002D54BD /* Comment.swift */; };
		BFB209381C2321EC002D54BD /* Result.swift in Sources */ = {isa = PBXBuildFile; fileRef = BFB209371C2321EC002D54BD /* Result.swift */; };
/* End PBXBuildFile section */

/* Begin PBXFileReference section */
		BF4819B91C232698006BE9AF /* apilinks.plist */ = {isa = PBXFileReference; fileEncoding = 4; lastKnownFileType = text.plist.xml; path = apilinks.plist; sourceTree = "<group>"; };
		BF4819BC1C232BAF006BE9AF /* AlbumsViewController.swift */ = {isa = PBXFileReference; fileEncoding = 4; lastKnownFileType = sourcecode.swift; path = AlbumsViewController.swift; sourceTree = "<group>"; };
		BFB209121C230AF9002D54BD /* RateTheMusic.app */ = {isa = PBXFileReference; explicitFileType = wrapper.application; includeInIndex = 0; path = RateTheMusic.app; sourceTree = BUILT_PRODUCTS_DIR; };
		BFB209151C230AF9002D54BD /* AppDelegate.swift */ = {isa = PBXFileReference; lastKnownFileType = sourcecode.swift; path = AppDelegate.swift; sourceTree = "<group>"; };
		BFB2091A1C230AF9002D54BD /* Base */ = {isa = PBXFileReference; lastKnownFileType = file.storyboard; name = Base; path = Base.lproj/Main.storyboard; sourceTree = "<group>"; };
		BFB2091C1C230AF9002D54BD /* Assets.xcassets */ = {isa = PBXFileReference; lastKnownFileType = folder.assetcatalog; path = Assets.xcassets; sourceTree = "<group>"; };
		BFB2091F1C230AF9002D54BD /* Base */ = {isa = PBXFileReference; lastKnownFileType = file.storyboard; name = Base; path = Base.lproj/LaunchScreen.storyboard; sourceTree = "<group>"; };
		BFB209211C230AF9002D54BD /* Info.plist */ = {isa = PBXFileReference; lastKnownFileType = text.plist.xml; path = Info.plist; sourceTree = "<group>"; };
		BFB2092B1C231635002D54BD /* AlbumService.swift */ = {isa = PBXFileReference; fileEncoding = 4; lastKnownFileType = sourcecode.swift; path = AlbumService.swift; sourceTree = "<group>"; };
		BFB2092D1C231882002D54BD /* Album.swift */ = {isa = PBXFileReference; fileEncoding = 4; lastKnownFileType = sourcecode.swift; path = Album.swift; sourceTree = "<group>"; };
		BFB2092F1C2319FD002D54BD /* Song.swift */ = {isa = PBXFileReference; fileEncoding = 4; lastKnownFileType = sourcecode.swift; path = Song.swift; sourceTree = "<group>"; };
		BFB209311C231A24002D54BD /* Upvote.swift */ = {isa = PBXFileReference; fileEncoding = 4; lastKnownFileType = sourcecode.swift; path = Upvote.swift; sourceTree = "<group>"; };
		BFB209331C231A2C002D54BD /* Comment.swift */ = {isa = PBXFileReference; fileEncoding = 4; lastKnownFileType = sourcecode.swift; path = Comment.swift; sourceTree = "<group>"; };
		BFB209371C2321EC002D54BD /* Result.swift */ = {isa = PBXFileReference; fileEncoding = 4; lastKnownFileType = sourcecode.swift; path = Result.swift; sourceTree = "<group>"; };
/* End PBXFileReference section */

/* Begin PBXFrameworksBuildPhase section */
		BFB2090F1C230AF9002D54BD /* Frameworks */ = {
			isa = PBXFrameworksBuildPhase;
			buildActionMask = 2147483647;
			files = (
			);
			runOnlyForDeploymentPostprocessing = 0;
		};
/* End PBXFrameworksBuildPhase section */

/* Begin PBXGroup section */
		BFB209091C230AF9002D54BD = {
			isa = PBXGroup;
			children = (
				BFB209141C230AF9002D54BD /* RateTheMusic */,
				BFB209131C230AF9002D54BD /* Products */,
			);
			sourceTree = "<group>";
		};
		BFB209131C230AF9002D54BD /* Products */ = {
			isa = PBXGroup;
			children = (
				BFB209121C230AF9002D54BD /* RateTheMusic.app */,
			);
			name = Products;
			sourceTree = "<group>";
		};
		BFB209141C230AF9002D54BD /* RateTheMusic */ = {
			isa = PBXGroup;
			children = (
				BFB2092A1C231612002D54BD /* Service */,
				BFB209291C231045002D54BD /* View */,
				BFB209281C231040002D54BD /* Model */,
				BFB209271C231038002D54BD /* Controller */,
				BFB209151C230AF9002D54BD /* AppDelegate.swift */,
				BFB2091C1C230AF9002D54BD /* Assets.xcassets */,
				BFB2091E1C230AF9002D54BD /* LaunchScreen.storyboard */,
				BFB209211C230AF9002D54BD /* Info.plist */,
			);
			path = RateTheMusic;
			sourceTree = "<group>";
		};
		BFB209271C231038002D54BD /* Controller */ = {
			isa = PBXGroup;
			children = (
				BF4819BC1C232BAF006BE9AF /* AlbumsViewController.swift */,
			);
			name = Controller;
			sourceTree = "<group>";
		};
		BFB209281C231040002D54BD /* Model */ = {
			isa = PBXGroup;
			children = (
				BFB2092D1C231882002D54BD /* Album.swift */,
				BFB2092F1C2319FD002D54BD /* Song.swift */,
				BFB209311C231A24002D54BD /* Upvote.swift */,
				BFB209331C231A2C002D54BD /* Comment.swift */,
			);
			name = Model;
			sourceTree = "<group>";
		};
		BFB209291C231045002D54BD /* View */ = {
			isa = PBXGroup;
			children = (
				BFB209191C230AF9002D54BD /* Main.storyboard */,
			);
			name = View;
			sourceTree = "<group>";
		};
		BFB2092A1C231612002D54BD /* Service */ = {
			isa = PBXGroup;
			children = (
				BF4819B91C232698006BE9AF /* apilinks.plist */,
				BFB2092B1C231635002D54BD /* AlbumService.swift */,
				BFB209371C2321EC002D54BD /* Result.swift */,
			);
			name = Service;
			sourceTree = "<group>";
		};
/* End PBXGroup section */

/* Begin PBXNativeTarget section */
		BFB209111C230AF9002D54BD /* RateTheMusic */ = {
			isa = PBXNativeTarget;
			buildConfigurationList = BFB209241C230AF9002D54BD /* Build configuration list for PBXNativeTarget "RateTheMusic" */;
			buildPhases = (
				BFB2090E1C230AF9002D54BD /* Sources */,
				BFB2090F1C230AF9002D54BD /* Frameworks */,
				BFB209101C230AF9002D54BD /* Resources */,
			);
			buildRules = (
			);
			dependencies = (
			);
			name = RateTheMusic;
			productName = RateTheMusic;
			productReference = BFB209121C230AF9002D54BD /* RateTheMusic.app */;
			productType = "com.apple.product-type.application";
		};
/* End PBXNativeTarget section */

/* Begin PBXProject section */
		BFB2090A1C230AF9002D54BD /* Project object */ = {
			isa = PBXProject;
			attributes = {
				LastSwiftUpdateCheck = 0720;
				LastUpgradeCheck = 0720;
				ORGANIZATIONNAME = "Thibaut Vincent";
				TargetAttributes = {
					BFB209111C230AF9002D54BD = {
						CreatedOnToolsVersion = 7.2;
						DevelopmentTeam = U38JYF4746;
					};
				};
			};
			buildConfigurationList = BFB2090D1C230AF9002D54BD /* Build configuration list for PBXProject "RateTheMusic" */;
			compatibilityVersion = "Xcode 3.2";
			developmentRegion = English;
			hasScannedForEncodings = 0;
			knownRegions = (
				en,
				Base,
			);
			mainGroup = BFB209091C230AF9002D54BD;
			productRefGroup = BFB209131C230AF9002D54BD /* Products */;
			projectDirPath = "";
			projectRoot = "";
			targets = (
				BFB209111C230AF9002D54BD /* RateTheMusic */,
			);
		};
/* End PBXProject section */

/* Begin PBXResourcesBuildPhase section */
		BFB209101C230AF9002D54BD /* Resources */ = {
			isa = PBXResourcesBuildPhase;
			buildActionMask = 2147483647;
			files = (
				BFB209201C230AF9002D54BD /* LaunchScreen.storyboard in Resources */,
				BFB2091D1C230AF9002D54BD /* Assets.xcassets in Resources */,
				BFB2091B1C230AF9002D54BD /* Main.storyboard in Resources */,
				BF4819BA1C232698006BE9AF /* apilinks.plist in Resources */,
			);
			runOnlyForDeploymentPostprocessing = 0;
		};
/* End PBXResourcesBuildPhase section */

/* Begin PBXSourcesBuildPhase section */
		BFB2090E1C230AF9002D54BD /* Sources */ = {
			isa = PBXSourcesBuildPhase;
			buildActionMask = 2147483647;
			files = (
				BFB209301C2319FD002D54BD /* Song.swift in Sources */,
				BF4819BD1C232BAF006BE9AF /* AlbumsViewController.swift in Sources */,
				BFB209341C231A2C002D54BD /* Comment.swift in Sources */,
				BFB209321C231A24002D54BD /* Upvote.swift in Sources */,
				BFB209161C230AF9002D54BD /* AppDelegate.swift in Sources */,
				BFB2092C1C231635002D54BD /* AlbumService.swift in Sources */,
				BFB209381C2321EC002D54BD /* Result.swift in Sources */,
				BFB2092E1C231882002D54BD /* Album.swift in Sources */,
			);
			runOnlyForDeploymentPostprocessing = 0;
		};
/* End PBXSourcesBuildPhase section */

/* Begin PBXVariantGroup section */
		BFB209191C230AF9002D54BD /* Main.storyboard */ = {
			isa = PBXVariantGroup;
			children = (
				BFB2091A1C230AF9002D54BD /* Base */,
			);
			name = Main.storyboard;
			sourceTree = "<group>";
		};
		BFB2091E1C230AF9002D54BD /* LaunchScreen.storyboard */ = {
			isa = PBXVariantGroup;
			children = (
				BFB2091F1C230AF9002D54BD /* Base */,
			);
			name = LaunchScreen.storyboard;
			sourceTree = "<group>";
		};
/* End PBXVariantGroup section */

/* Begin XCBuildConfiguration section */
		BFB209221C230AF9002D54BD /* Debug */ = {
			isa = XCBuildConfiguration;
			buildSettings = {
				ALWAYS_SEARCH_USER_PATHS = NO;
				CLANG_CXX_LANGUAGE_STANDARD = "gnu++0x";
				CLANG_CXX_LIBRARY = "libc++";
				CLANG_ENABLE_MODULES = YES;
				CLANG_ENABLE_OBJC_ARC = YES;
				CLANG_WARN_BOOL_CONVERSION = YES;
				CLANG_WARN_CONSTANT_CONVERSION = YES;
				CLANG_WARN_DIRECT_OBJC_ISA_USAGE = YES_ERROR;
				CLANG_WARN_EMPTY_BODY = YES;
				CLANG_WARN_ENUM_CONVERSION = YES;
				CLANG_WARN_INT_CONVERSION = YES;
				CLANG_WARN_OBJC_ROOT_CLASS = YES_ERROR;
				CLANG_WARN_UNREACHABLE_CODE = YES;
				CLANG_WARN__DUPLICATE_METHOD_MATCH = YES;
				"CODE_SIGN_IDENTITY[sdk=iphoneos*]" = "iPhone Developer";
				COPY_PHASE_STRIP = NO;
				DEBUG_INFORMATION_FORMAT = dwarf;
				ENABLE_STRICT_OBJC_MSGSEND = YES;
				ENABLE_TESTABILITY = YES;
				GCC_C_LANGUAGE_STANDARD = gnu99;
				GCC_DYNAMIC_NO_PIC = NO;
				GCC_NO_COMMON_BLOCKS = YES;
				GCC_OPTIMIZATION_LEVEL = 0;
				GCC_PREPROCESSOR_DEFINITIONS = (
					"DEBUG=1",
					"$(inherited)",
				);
				GCC_WARN_64_TO_32_BIT_CONVERSION = YES;
				GCC_WARN_ABOUT_RETURN_TYPE = YES_ERROR;
				GCC_WARN_UNDECLARED_SELECTOR = YES;
				GCC_WARN_UNINITIALIZED_AUTOS = YES_AGGRESSIVE;
				GCC_WARN_UNUSED_FUNCTION = YES;
				GCC_WARN_UNUSED_VARIABLE = YES;
				IPHONEOS_DEPLOYMENT_TARGET = 9.2;
				MTL_ENABLE_DEBUG_INFO = YES;
				ONLY_ACTIVE_ARCH = YES;
				SDKROOT = iphoneos;
				SWIFT_OPTIMIZATION_LEVEL = "-Onone";
				TARGETED_DEVICE_FAMILY = "1,2";
			};
			name = Debug;
		};
		BFB209231C230AF9002D54BD /* Release */ = {
			isa = XCBuildConfiguration;
			buildSettings = {
				ALWAYS_SEARCH_USER_PATHS = NO;
				CLANG_CXX_LANGUAGE_STANDARD = "gnu++0x";
				CLANG_CXX_LIBRARY = "libc++";
				CLANG_ENABLE_MODULES = YES;
				CLANG_ENABLE_OBJC_ARC = YES;
				CLANG_WARN_BOOL_CONVERSION = YES;
				CLANG_WARN_CONSTANT_CONVERSION = YES;
				CLANG_WARN_DIRECT_OBJC_ISA_USAGE = YES_ERROR;
				CLANG_WARN_EMPTY_BODY = YES;
				CLANG_WARN_ENUM_CONVERSION = YES;
				CLANG_WARN_INT_CONVERSION = YES;
				CLANG_WARN_OBJC_ROOT_CLASS = YES_ERROR;
				CLANG_WARN_UNREACHABLE_CODE = YES;
				CLANG_WARN__DUPLICATE_METHOD_MATCH = YES;
				"CODE_SIGN_IDENTITY[sdk=iphoneos*]" = "iPhone Developer";
				COPY_PHASE_STRIP = NO;
				DEBUG_INFORMATION_FORMAT = "dwarf-with-dsym";
				ENABLE_NS_ASSERTIONS = NO;
				ENABLE_STRICT_OBJC_MSGSEND = YES;
				GCC_C_LANGUAGE_STANDARD = gnu99;
				GCC_NO_COMMON_BLOCKS = YES;
				GCC_WARN_64_TO_32_BIT_CONVERSION = YES;
				GCC_WARN_ABOUT_RETURN_TYPE = YES_ERROR;
				GCC_WARN_UNDECLARED_SELECTOR = YES;
				GCC_WARN_UNINITIALIZED_AUTOS = YES_AGGRESSIVE;
				GCC_WARN_UNUSED_FUNCTION = YES;
				GCC_WARN_UNUSED_VARIABLE = YES;
				IPHONEOS_DEPLOYMENT_TARGET = 9.2;
				MTL_ENABLE_DEBUG_INFO = NO;
				SDKROOT = iphoneos;
				TARGETED_DEVICE_FAMILY = "1,2";
				VALIDATE_PRODUCT = YES;
			};
			name = Release;
		};
		BFB209251C230AF9002D54BD /* Debug */ = {
			isa = XCBuildConfiguration;
			buildSettings = {
				ASSETCATALOG_COMPILER_APPICON_NAME = AppIcon;
				CODE_SIGN_IDENTITY = "iPhone Developer";
				INFOPLIST_FILE = RateTheMusic/Info.plist;
				LD_RUNPATH_SEARCH_PATHS = "$(inherited) @executable_path/Frameworks";
				PRODUCT_BUNDLE_IDENTIFIER = thibautvincent.RateTheMusic;
				PRODUCT_NAME = "$(TARGET_NAME)";
			};
			name = Debug;
		};
		BFB209261C230AF9002D54BD /* Release */ = {
			isa = XCBuildConfiguration;
			buildSettings = {
				ASSETCATALOG_COMPILER_APPICON_NAME = AppIcon;
				CODE_SIGN_IDENTITY = "iPhone Developer";
				INFOPLIST_FILE = RateTheMusic/Info.plist;
				LD_RUNPATH_SEARCH_PATHS = "$(inherited) @executable_path/Frameworks";
				PRODUCT_BUNDLE_IDENTIFIER = thibautvincent.RateTheMusic;
				PRODUCT_NAME = "$(TARGET_NAME)";
			};
			name = Release;
		};
/* End XCBuildConfiguration section */

/* Begin XCConfigurationList section */
		BFB2090D1C230AF9002D54BD /* Build configuration list for PBXProject "RateTheMusic" */ = {
			isa = XCConfigurationList;
			buildConfigurations = (
				BFB209221C230AF9002D54BD /* Debug */,
				BFB209231C230AF9002D54BD /* Release */,
			);
			defaultConfigurationIsVisible = 0;
			defaultConfigurationName = Release;
		};
		BFB209241C230AF9002D54BD /* Build configuration list for PBXNativeTarget "RateTheMusic" */ = {
			isa = XCConfigurationList;
			buildConfigurations = (
				BFB209251C230AF9002D54BD /* Debug */,
				BFB209261C230AF9002D54BD /* Release */,
			);
			defaultConfigurationIsVisible = 0;
			defaultConfigurationName = Release;
		};
/* End XCConfigurationList section */
	};
	rootObject = BFB2090A1C230AF9002D54BD /* Project object */;
}
